github.com/zhangdapeng520/zdpgo_log v1.3.5/go.mod h1:S+JZ2khrrNZsy1LJMcf0omvG3iCsq9aMG8vPwwXX1EI=
golang.org/x/sys v0.0.0-20220330033206-e17cdc41300f h1:rlezHXNlxYWvBCzNses9Dlc7nGFaNMJeqLolcmQSSZY=
golang.org/x/sys v0.0.0-20220330033206-e17cdc41300f/go.mod h1:oPkhp1MJrh7nUepCBck5+mAzfO9JrbApNNgaTdGDITg=
